// !$*UTF8*$!
{
	archiveVersion = 1;
	classes = {
	};
	objectVersion = 77;
	objects = {

/* Begin PBXContainerItemProxy section */
		C1D9FE532DDDD7F000A7E5AD /* PBXContainerItemProxy */ = {
			isa = PBXContainerItemProxy;
			containerPortal = C1D9FE3D2DDDD7EE00A7E5AD /* Project object */;
			proxyType = 1;
			remoteGlobalIDString = C1D9FE442DDDD7EE00A7E5AD;
			remoteInfo = CollegeCompanion;
		};
		C1D9FE5D2DDDD7F000A7E5AD /* PBXContainerItemProxy */ = {
			isa = PBXContainerItemProxy;
			containerPortal = C1D9FE3D2DDDD7EE00A7E5AD /* Project object */;
			proxyType = 1;
			remoteGlobalIDString = C1D9FE442DDDD7EE00A7E5AD;
			remoteInfo = CollegeCompanion;
		};
/* End PBXContainerItemProxy section */

/* Begin PBXFileReference section */
		C1D9FE452DDDD7EE00A7E5AD /* CollegeCompanion.app */ = {isa = PBXFileReference; explicitFileType = wrapper.application; includeInIndex = 0; path = CollegeCompanion.app; sourceTree = BUILT_PRODUCTS_DIR; };
		C1D9FE522DDDD7F000A7E5AD /* CollegeCompanionTests.xctest */ = {isa = PBXFileReference; explicitFileType = wrapper.cfbundle; includeInIndex = 0; path = CollegeCompanionTests.xctest; sourceTree = BUILT_PRODUCTS_DIR; };
		C1D9FE5C2DDDD7F000A7E5AD /* CollegeCompanionUITests.xctest */ = {isa = PBXFileReference; explicitFileType = wrapper.cfbundle; includeInIndex = 0; path = CollegeCompanionUITests.xctest; sourceTree = BUILT_PRODUCTS_DIR; };
/* End PBXFileReference section */

/* Begin PBXFileSystemSynchronizedRootGroup section */
		C1D9FE472DDDD7EE00A7E5AD /* CollegeCompanion */ = {
			isa = PBXFileSystemSynchronizedRootGroup;
			path = CollegeCompanion;
			sourceTree = "<group>";
		};
		C1D9FE552DDDD7F000A7E5AD /* CollegeCompanionTests */ = {
			isa = PBXFileSystemSynchronizedRootGroup;
			path = CollegeCompanionTests;
			sourceTree = "<group>";
		};
		C1D9FE5F2DDDD7F000A7E5AD /* CollegeCompanionUITests */ = {
			isa = PBXFileSystemSynchronizedRootGroup;
			path = CollegeCompanionUITests;
			sourceTree = "<group>";
		};
/* End PBXFileSystemSynchronizedRootGroup section */

/* Begin PBXFrameworksBuildPhase section */
		C1D9FE422DDDD7EE00A7E5AD /* Frameworks */ = {
			isa = PBXFrameworksBuildPhase;
			buildActionMask = 2147483647;
			files = (
			);
			runOnlyForDeploymentPostprocessing = 0;
		};
		C1D9FE4F2DDDD7F000A7E5AD /* Frameworks */ = {
			isa = PBXFrameworksBuildPhase;
			buildActionMask = 2147483647;
			files = (
			);
			runOnlyForDeploymentPostprocessing = 0;
		};
		C1D9FE592DDDD7F000A7E5AD /* Frameworks */ = {
			isa = PBXFrameworksBuildPhase;
			buildActionMask = 2147483647;
			files = (
			);
			runOnlyForDeploymentPostprocessing = 0;
		};
/* End PBXFrameworksBuildPhase section */

/* Begin PBXGroup section */
		C1D9FE3C2DDDD7EE00A7E5AD = {
			isa = PBXGroup;
			children = (
				C1D9FE472DDDD7EE00A7E5AD /* CollegeCompanion */,
				C1D9FE552DDDD7F000A7E5AD /* CollegeCompanionTests */,
				C1D9FE5F2DDDD7F000A7E5AD /* CollegeCompanionUITests */,
				C1D9FE462DDDD7EE00A7E5AD /* Products */,
			);
			sourceTree = "<group>";
		};
		C1D9FE462DDDD7EE00A7E5AD /* Products */ = {
			isa = PBXGroup;
			children = (
				C1D9FE452DDDD7EE00A7E5AD /* CollegeCompanion.app */,
				C1D9FE522DDDD7F000A7E5AD /* CollegeCompanionTests.xctest */,
				C1D9FE5C2DDDD7F000A7E5AD /* CollegeCompanionUITests.xctest */,
			);
			name = Products;
			sourceTree = "<group>";
		};
/* End PBXGroup section */

/* Begin PBXNativeTarget section */
		C1D9FE442DDDD7EE00A7E5AD /* CollegeCompanion */ = {
			isa = PBXNativeTarget;
			buildConfigurationList = C1D9FE662DDDD7F000A7E5AD /* Build configuration list for PBXNativeTarget "CollegeCompanion" */;
			buildPhases = (
				C1D9FE412DDDD7EE00A7E5AD /* Sources */,
				C1D9FE422DDDD7EE00A7E5AD /* Frameworks */,
				C1D9FE432DDDD7EE00A7E5AD /* Resources */,
			);
			buildRules = (
			);
			dependencies = (
			);
			fileSystemSynchronizedGroups = (
				C1D9FE472DDDD7EE00A7E5AD /* CollegeCompanion */,
			);
			name = CollegeCompanion;
			packageProductDependencies = (
			);
			productName = CollegeCompanion;
			productReference = C1D9FE452DDDD7EE00A7E5AD /* CollegeCompanion.app */;
			productType = "com.apple.product-type.application";
		};
		C1D9FE512DDDD7F000A7E5AD /* CollegeCompanionTests */ = {
			isa = PBXNativeTarget;
			buildConfigurationList = C1D9FE692DDDD7F000A7E5AD /* Build configuration list for PBXNativeTarget "CollegeCompanionTests" */;
			buildPhases = (
				C1D9FE4E2DDDD7F000A7E5AD /* Sources */,
				C1D9FE4F2DDDD7F000A7E5AD /* Frameworks */,
				C1D9FE502DDDD7F000A7E5AD /* Resources */,
			);
			buildRules = (
			);
			dependencies = (
				C1D9FE542DDDD7F000A7E5AD /* PBXTargetDependency */,
			);
			fileSystemSynchronizedGroups = (
				C1D9FE552DDDD7F000A7E5AD /* CollegeCompanionTests */,
			);
			name = CollegeCompanionTests;
			packageProductDependencies = (
			);
			productName = CollegeCompanionTests;
			productReference = C1D9FE522DDDD7F000A7E5AD /* CollegeCompanionTests.xctest */;
			productType = "com.apple.product-type.bundle.unit-test";
		};
		C1D9FE5B2DDDD7F000A7E5AD /* CollegeCompanionUITests */ = {
			isa = PBXNativeTarget;
			buildConfigurationList = C1D9FE6C2DDDD7F000A7E5AD /* Build configuration list for PBXNativeTarget "CollegeCompanionUITests" */;
			buildPhases = (
				C1D9FE582DDDD7F000A7E5AD /* Sources */,
				C1D9FE592DDDD7F000A7E5AD /* Frameworks */,
				C1D9FE5A2DDDD7F000A7E5AD /* Resources */,
			);
			buildRules = (
			);
			dependencies = (
				C1D9FE5E2DDDD7F000A7E5AD /* PBXTargetDependency */,
			);
			fileSystemSynchronizedGroups = (
				C1D9FE5F2DDDD7F000A7E5AD /* CollegeCompanionUITests */,
			);
			name = CollegeCompanionUITests;
			packageProductDependencies = (
			);
			productName = CollegeCompanionUITests;
			productReference = C1D9FE5C2DDDD7F000A7E5AD /* CollegeCompanionUITests.xctest */;
			productType = "com.apple.product-type.bundle.ui-testing";
		};
/* End PBXNativeTarget section */

/* Begin PBXProject section */
		C1D9FE3D2DDDD7EE00A7E5AD /* Project object */ = {
			isa = PBXProject;
			attributes = {
				BuildIndependentTargetsInParallel = 1;
				LastSwiftUpdateCheck = 1630;
				LastUpgradeCheck = 1630;
				TargetAttributes = {
					C1D9FE442DDDD7EE00A7E5AD = {
						CreatedOnToolsVersion = 16.3;
					};
					C1D9FE512DDDD7F000A7E5AD = {
						CreatedOnToolsVersion = 16.3;
						TestTargetID = C1D9FE442DDDD7EE00A7E5AD;
					};
					C1D9FE5B2DDDD7F000A7E5AD = {
						CreatedOnToolsVersion = 16.3;
						TestTargetID = C1D9FE442DDDD7EE00A7E5AD;
					};
				};
			};
			buildConfigurationList = C1D9FE402DDDD7EE00A7E5AD /* Build configuration list for PBXProject "CollegeCompanion" */;
			developmentRegion = en;
			hasScannedForEncodings = 0;
			knownRegions = (
				en,
				Base,
			);
			mainGroup = C1D9FE3C2DDDD7EE00A7E5AD;
			minimizedProjectReferenceProxies = 1;
			preferredProjectObjectVersion = 77;
			productRefGroup = C1D9FE462DDDD7EE00A7E5AD /* Products */;
			projectDirPath = "";
			projectRoot = "";
			targets = (
				C1D9FE442DDDD7EE00A7E5AD /* CollegeCompanion */,
				C1D9FE512DDDD7F000A7E5AD /* CollegeCompanionTests */,
				C1D9FE5B2DDDD7F000A7E5AD /* CollegeCompanionUITests */,
			);
		};
/* End PBXProject section */

/* Begin PBXResourcesBuildPhase section */
		C1D9FE432DDDD7EE00A7E5AD /* Resources */ = {
			isa = PBXResourcesBuildPhase;
			buildActionMask = 2147483647;
			files = (
			);
			runOnlyForDeploymentPostprocessing = 0;
		};
		C1D9FE502DDDD7F000A7E5AD /* Resources */ = {
			isa = PBXResourcesBuildPhase;
			buildActionMask = 2147483647;
			files = (
			);
			runOnlyForDeploymentPostprocessing = 0;
		};
		C1D9FE5A2DDDD7F000A7E5AD /* Resources */ = {
			isa = PBXResourcesBuildPhase;
			buildActionMask = 2147483647;
			files = (
			);
			runOnlyForDeploymentPostprocessing = 0;
		};
/* End PBXResourcesBuildPhase section */

/* Begin PBXSourcesBuildPhase section */
		C1D9FE412DDDD7EE00A7E5AD /* Sources */ = {
			isa = PBXSourcesBuildPhase;
			buildActionMask = 2147483647;
			files = (
			);
			runOnlyForDeploymentPostprocessing = 0;
		};
		C1D9FE4E2DDDD7F000A7E5AD /* Sources */ = {
			isa = PBXSourcesBuildPhase;
			buildActionMask = 2147483647;
			files = (
			);
			runOnlyForDeploymentPostprocessing = 0;
		};
		C1D9FE582DDDD7F000A7E5AD /* Sources */ = {
			isa = PBXSourcesBuildPhase;
			buildActionMask = 2147483647;
			files = (
			);
			runOnlyForDeploymentPostprocessing = 0;
		};
/* End PBXSourcesBuildPhase section */

/* Begin PBXTargetDependency section */
		C1D9FE542DDDD7F000A7E5AD /* PBXTargetDependency */ = {
			isa = PBXTargetDependency;
			target = C1D9FE442DDDD7EE00A7E5AD /* CollegeCompanion */;
			targetProxy = C1D9FE532DDDD7F000A7E5AD /* PBXContainerItemProxy */;
		};
		C1D9FE5E2DDDD7F000A7E5AD /* PBXTargetDependency */ = {
			isa = PBXTargetDependency;
			target = C1D9FE442DDDD7EE00A7E5AD /* CollegeCompanion */;
			targetProxy = C1D9FE5D2DDDD7F000A7E5AD /* PBXContainerItemProxy */;
		};
/* End PBXTargetDependency section */

/* Begin XCBuildConfiguration section */
		C1D9FE642DDDD7F000A7E5AD /* Debug */ = {
			isa = XCBuildConfiguration;
			buildSettings = {
				ALWAYS_SEARCH_USER_PATHS = NO;
				ASSETCATALOG_COMPILER_GENERATE_SWIFT_ASSET_SYMBOL_EXTENSIONS = YES;
				CLANG_ANALYZER_NONNULL = YES;
				CLANG_ANALYZER_NUMBER_OBJECT_CONVERSION = YES_AGGRESSIVE;
				CLANG_CXX_LANGUAGE_STANDARD = "gnu++20";
				CLANG_ENABLE_MODULES = YES;
				CLANG_ENABLE_OBJC_ARC = YES;
				CLANG_ENABLE_OBJC_WEAK = YES;
				CLANG_WARN_BLOCK_CAPTURE_AUTORELEASING = YES;
				CLANG_WARN_BOOL_CONVERSION = YES;
				CLANG_WARN_COMMA = YES;
				CLANG_WARN_CONSTANT_CONVERSION = YES;
				CLANG_WARN_DEPRECATED_OBJC_IMPLEMENTATIONS = YES;
				CLANG_WARN_DIRECT_OBJC_ISA_USAGE = YES_ERROR;
				CLANG_WARN_DOCUMENTATION_COMMENTS = YES;
				CLANG_WARN_EMPTY_BODY = YES;
				CLANG_WARN_ENUM_CONVERSION = YES;
				CLANG_WARN_INFINITE_RECURSION = YES;
				CLANG_WARN_INT_CONVERSION = YES;
				CLANG_WARN_NON_LITERAL_NULL_CONVERSION = YES;
				CLANG_WARN_OBJC_IMPLICIT_RETAIN_SELF = YES;
				CLANG_WARN_OBJC_LITERAL_CONVERSION = YES;
				CLANG_WARN_OBJC_ROOT_CLASS = YES_ERROR;
				CLANG_WARN_QUOTED_INCLUDE_IN_FRAMEWORK_HEADER = YES;
				CLANG_WARN_RANGE_LOOP_ANALYSIS = YES;
				CLANG_WARN_STRICT_PROTOTYPES = YES;
				CLANG_WARN_SUSPICIOUS_MOVE = YES;
				CLANG_WARN_UNGUARDED_AVAILABILITY = YES_AGGRESSIVE;
				CLANG_WARN_UNREACHABLE_CODE = YES;
				CLANG_WARN__DUPLICATE_METHOD_MATCH = YES;
				COPY_PHASE_STRIP = NO;
				DEBUG_INFORMATION_FORMAT = dwarf;
				ENABLE_STRICT_OBJC_MSGSEND = YES;
				ENABLE_TESTABILITY = YES;
				ENABLE_USER_SCRIPT_SANDBOXING = YES;
				GCC_C_LANGUAGE_STANDARD = gnu17;
				GCC_DYNAMIC_NO_PIC = NO;
				GCC_NO_COMMON_BLOCKS = YES;
				GCC_OPTIMIZATION_LEVEL = 0;
				GCC_PREPROCESSOR_DEFINITIONS = (
					"DEBUG=1",
					"$(inherited)",
				);
				GCC_WARN_64_TO_32_BIT_CONVERSION = YES;
				GCC_WARN_ABOUT_RETURN_TYPE = YES_ERROR;
				GCC_WARN_UNDECLARED_SELECTOR = YES;
				GCC_WARN_UNINITIALIZED_AUTOS = YES_AGGRESSIVE;
				GCC_WARN_UNUSED_FUNCTION = YES;
				GCC_WARN_UNUSED_VARIABLE = YES;
				IPHONEOS_DEPLOYMENT_TARGET = 18.4;
				LOCALIZATION_PREFERS_STRING_CATALOGS = YES;
				MTL_ENABLE_DEBUG_INFO = INCLUDE_SOURCE;
				MTL_FAST_MATH = YES;
				ONLY_ACTIVE_ARCH = YES;
				SDKROOT = iphoneos;
				SWIFT_ACTIVE_COMPILATION_CONDITIONS = "DEBUG $(inherited)";
				SWIFT_OPTIMIZATION_LEVEL = "-Onone";
			};
			name = Debug;
		};
		C1D9FE652DDDD7F000A7E5AD /* Release */ = {
			isa = XCBuildConfiguration;
			buildSettings = {
				ALWAYS_SEARCH_USER_PATHS = NO;
				ASSETCATALOG_COMPILER_GENERATE_SWIFT_ASSET_SYMBOL_EXTENSIONS = YES;
				CLANG_ANALYZER_NONNULL = YES;
				CLANG_ANALYZER_NUMBER_OBJECT_CONVERSION = YES_AGGRESSIVE;
				CLANG_CXX_LANGUAGE_STANDARD = "gnu++20";
				CLANG_ENABLE_MODULES = YES;
				CLANG_ENABLE_OBJC_ARC = YES;
				CLANG_ENABLE_OBJC_WEAK = YES;
				CLANG_WARN_BLOCK_CAPTURE_AUTORELEASING = YES;
				CLANG_WARN_BOOL_CONVERSION = YES;
				CLANG_WARN_COMMA = YES;
				CLANG_WARN_CONSTANT_CONVERSION = YES;
				CLANG_WARN_DEPRECATED_OBJC_IMPLEMENTATIONS = YES;
				CLANG_WARN_DIRECT_OBJC_ISA_USAGE = YES_ERROR;
				CLANG_WARN_DOCUMENTATION_COMMENTS = YES;
				CLANG_WARN_EMPTY_BODY = YES;
				CLANG_WARN_ENUM_CONVERSION = YES;
				CLANG_WARN_INFINITE_RECURSION = YES;
				CLANG_WARN_INT_CONVERSION = YES;
				CLANG_WARN_NON_LITERAL_NULL_CONVERSION = YES;
				CLANG_WARN_OBJC_IMPLICIT_RETAIN_SELF = YES;
				CLANG_WARN_OBJC_LITERAL_CONVERSION = YES;
				CLANG_WARN_OBJC_ROOT_CLASS = YES_ERROR;
				CLANG_WARN_QUOTED_INCLUDE_IN_FRAMEWORK_HEADER = YES;
				CLANG_WARN_RANGE_LOOP_ANALYSIS = YES;
				CLANG_WARN_STRICT_PROTOTYPES = YES;
				CLANG_WARN_SUSPICIOUS_MOVE = YES;
				CLANG_WARN_UNGUARDED_AVAILABILITY = YES_AGGRESSIVE;
				CLANG_WARN_UNREACHABLE_CODE = YES;
				CLANG_WARN__DUPLICATE_METHOD_MATCH = YES;
				COPY_PHASE_STRIP = NO;
				DEBUG_INFORMATION_FORMAT = "dwarf-with-dsym";
				ENABLE_NS_ASSERTIONS = NO;
				ENABLE_STRICT_OBJC_MSGSEND = YES;
				ENABLE_USER_SCRIPT_SANDBOXING = YES;
				GCC_C_LANGUAGE_STANDARD = gnu17;
				GCC_NO_COMMON_BLOCKS = YES;
				GCC_WARN_64_TO_32_BIT_CONVERSION = YES;
				GCC_WARN_ABOUT_RETURN_TYPE = YES_ERROR;
				GCC_WARN_UNDECLARED_SELECTOR = YES;
				GCC_WARN_UNINITIALIZED_AUTOS = YES_AGGRESSIVE;
				GCC_WARN_UNUSED_FUNCTION = YES;
				GCC_WARN_UNUSED_VARIABLE = YES;
				IPHONEOS_DEPLOYMENT_TARGET = 18.4;
				LOCALIZATION_PREFERS_STRING_CATALOGS = YES;
				MTL_ENABLE_DEBUG_INFO = NO;
				MTL_FAST_MATH = YES;
				SDKROOT = iphoneos;
				SWIFT_COMPILATION_MODE = wholemodule;
				VALIDATE_PRODUCT = YES;
			};
			name = Release;
		};
		C1D9FE672DDDD7F000A7E5AD /* Debug */ = {
			isa = XCBuildConfiguration;
			buildSettings = {
				ASSETCATALOG_COMPILER_APPICON_NAME = AppIcon;
				ASSETCATALOG_COMPILER_GLOBAL_ACCENT_COLOR_NAME = AccentColor;
				CODE_SIGN_STYLE = Automatic;
				CURRENT_PROJECT_VERSION = 1;
				ENABLE_PREVIEWS = YES;
				GENERATE_INFOPLIST_FILE = YES;
				INFOPLIST_KEY_UIApplicationSceneManifest_Generation = YES;
				INFOPLIST_KEY_UIApplicationSupportsIndirectInputEvents = YES;
				INFOPLIST_KEY_UILaunchScreen_Generation = YES;
				INFOPLIST_KEY_UISupportedInterfaceOrientations_iPad = "UIInterfaceOrientationPortrait UIInterfaceOrientationPortraitUpsideDown UIInterfaceOrientationLandscapeLeft UIInterfaceOrientationLandscapeRight";
				INFOPLIST_KEY_UISupportedInterfaceOrientations_iPhone = "UIInterfaceOrientationPortrait UIInterfaceOrientationLandscapeLeft UIInterfaceOrientationLandscapeRight";
				LD_RUNPATH_SEARCH_PATHS = (
					"$(inherited)",
					"@executable_path/Frameworks",
				);
				MARKETING_VERSION = 1.0;
				PRODUCT_BUNDLE_IDENTIFIER = com.NatashaStrongosky.CollegeCompanion;
				PRODUCT_NAME = "$(TARGET_NAME)";
				SWIFT_EMIT_LOC_STRINGS = YES;
				SWIFT_VERSION = 5.0;
				TARGETED_DEVICE_FAMILY = "1,2";
			};
			name = Debug;
		};
		C1D9FE682DDDD7F000A7E5AD /* Release */ = {
			isa = XCBuildConfiguration;
			buildSettings = {
				ASSETCATALOG_COMPILER_APPICON_NAME = AppIcon;
				ASSETCATALOG_COMPILER_GLOBAL_ACCENT_COLOR_NAME = AccentColor;
				CODE_SIGN_STYLE = Automatic;
				CURRENT_PROJECT_VERSION = 1;
				ENABLE_PREVIEWS = YES;
				GENERATE_INFOPLIST_FILE = YES;
				INFOPLIST_KEY_UIApplicationSceneManifest_Generation = YES;
				INFOPLIST_KEY_UIApplicationSupportsIndirectInputEvents = YES;
				INFOPLIST_KEY_UILaunchScreen_Generation = YES;
				INFOPLIST_KEY_UISupportedInterfaceOrientations_iPad = "UIInterfaceOrientationPortrait UIInterfaceOrientationPortraitUpsideDown UIInterfaceOrientationLandscapeLeft UIInterfaceOrientationLandscapeRight";
				INFOPLIST_KEY_UISupportedInterfaceOrientations_iPhone = "UIInterfaceOrientationPortrait UIInterfaceOrientationLandscapeLeft UIInterfaceOrientationLandscapeRight";
				LD_RUNPATH_SEARCH_PATHS = (
					"$(inherited)",
					"@executable_path/Frameworks",
				);
				MARKETING_VERSION = 1.0;
				PRODUCT_BUNDLE_IDENTIFIER = com.NatashaStrongosky.CollegeCompanion;
				PRODUCT_NAME = "$(TARGET_NAME)";
				SWIFT_EMIT_LOC_STRINGS = YES;
				SWIFT_VERSION = 5.0;
				TARGETED_DEVICE_FAMILY = "1,2";
			};
			name = Release;
		};
		C1D9FE6A2DDDD7F000A7E5AD /* Debug */ = {
			isa = XCBuildConfiguration;
			buildSettings = {
				BUNDLE_LOADER = "$(TEST_HOST)";
				CODE_SIGN_STYLE = Automatic;
				CURRENT_PROJECT_VERSION = 1;
				GENERATE_INFOPLIST_FILE = YES;
				IPHONEOS_DEPLOYMENT_TARGET = 18.4;
				MARKETING_VERSION = 1.0;
				PRODUCT_BUNDLE_IDENTIFIER = com.NatashaStrongosky.CollegeCompanionTests;
				PRODUCT_NAME = "$(TARGET_NAME)";
				SWIFT_EMIT_LOC_STRINGS = NO;
				SWIFT_VERSION = 5.0;
				TARGETED_DEVICE_FAMILY = "1,2";
				TEST_HOST = "$(BUILT_PRODUCTS_DIR)/CollegeCompanion.app/$(BUNDLE_EXECUTABLE_FOLDER_PATH)/CollegeCompanion";
			};
			name = Debug;
		};
		C1D9FE6B2DDDD7F000A7E5AD /* Release */ = {
			isa = XCBuildConfiguration;
			buildSettings = {
				BUNDLE_LOADER = "$(TEST_HOST)";
				CODE_SIGN_STYLE = Automatic;
				CURRENT_PROJECT_VERSION = 1;
				GENERATE_INFOPLIST_FILE = YES;
				IPHONEOS_DEPLOYMENT_TARGET = 18.4;
				MARKETING_VERSION = 1.0;
				PRODUCT_BUNDLE_IDENTIFIER = com.NatashaStrongosky.CollegeCompanionTests;
				PRODUCT_NAME = "$(TARGET_NAME)";
				SWIFT_EMIT_LOC_STRINGS = NO;
				SWIFT_VERSION = 5.0;
				TARGETED_DEVICE_FAMILY = "1,2";
				TEST_HOST = "$(BUILT_PRODUCTS_DIR)/CollegeCompanion.app/$(BUNDLE_EXECUTABLE_FOLDER_PATH)/CollegeCompanion";
			};
			name = Release;
		};
		C1D9FE6D2DDDD7F000A7E5AD /* Debug */ = {
			isa = XCBuildConfiguration;
			buildSettings = {
				CODE_SIGN_STYLE = Automatic;
				CURRENT_PROJECT_VERSION = 1;
				GENERATE_INFOPLIST_FILE = YES;
				MARKETING_VERSION = 1.0;
				PRODUCT_BUNDLE_IDENTIFIER = com.NatashaStrongosky.CollegeCompanionUITests;
				PRODUCT_NAME = "$(TARGET_NAME)";
				SWIFT_EMIT_LOC_STRINGS = NO;
				SWIFT_VERSION = 5.0;
				TARGETED_DEVICE_FAMILY = "1,2";
				TEST_TARGET_NAME = CollegeCompanion;
			};
			name = Debug;
		};
		C1D9FE6E2DDDD7F000A7E5AD /* Release */ = {
			isa = XCBuildConfiguration;
			buildSettings = {
				CODE_SIGN_STYLE = Automatic;
				CURRENT_PROJECT_VERSION = 1;
				GENERATE_INFOPLIST_FILE = YES;
				MARKETING_VERSION = 1.0;
				PRODUCT_BUNDLE_IDENTIFIER = com.NatashaStrongosky.CollegeCompanionUITests;
				PRODUCT_NAME = "$(TARGET_NAME)";
				SWIFT_EMIT_LOC_STRINGS = NO;
				SWIFT_VERSION = 5.0;
				TARGETED_DEVICE_FAMILY = "1,2";
				TEST_TARGET_NAME = CollegeCompanion;
			};
			name = Release;
		};
/* End XCBuildConfiguration section */

/* Begin XCConfigurationList section */
		C1D9FE402DDDD7EE00A7E5AD /* Build configuration list for PBXProject "CollegeCompanion" */ = {
			isa = XCConfigurationList;
			buildConfigurations = (
				C1D9FE642DDDD7F000A7E5AD /* Debug */,
				C1D9FE652DDDD7F000A7E5AD /* Release */,
			);
			defaultConfigurationIsVisible = 0;
			defaultConfigurationName = Release;
		};
		C1D9FE662DDDD7F000A7E5AD /* Build configuration list for PBXNativeTarget "CollegeCompanion" */ = {
			isa = XCConfigurationList;
			buildConfigurations = (
				C1D9FE672DDDD7F000A7E5AD /* Debug */,
				C1D9FE682DDDD7F000A7E5AD /* Release */,
			);
			defaultConfigurationIsVisible = 0;
			defaultConfigurationName = Release;
		};
		C1D9FE692DDDD7F000A7E5AD /* Build configuration list for PBXNativeTarget "CollegeCompanionTests" */ = {
			isa = XCConfigurationList;
			buildConfigurations = (
				C1D9FE6A2DDDD7F000A7E5AD /* Debug */,
				C1D9FE6B2DDDD7F000A7E5AD /* Release */,
			);
			defaultConfigurationIsVisible = 0;
			defaultConfigurationName = Release;
		};
		C1D9FE6C2DDDD7F000A7E5AD /* Build configuration list for PBXNativeTarget "CollegeCompanionUITests" */ = {
			isa = XCConfigurationList;
			buildConfigurations = (
				C1D9FE6D2DDDD7F000A7E5AD /* Debug */,
				C1D9FE6E2DDDD7F000A7E5AD /* Release */,
			);
			defaultConfigurationIsVisible = 0;
			defaultConfigurationName = Release;
		};
/* End XCConfigurationList section */
	};
	rootObject = C1D9FE3D2DDDD7EE00A7E5AD /* Project object */;
}
